// !$*UTF8*$!
{
	archiveVersion = 1;
	classes = {
	};
	objectVersion = 55;
	objects = {

/* Begin PBXBuildFile section */
		6E1883052889D2D70088E7FC /* SchoolViewModelTest.swift in Sources */ = {isa = PBXBuildFile; fileRef = 6E1883042889D2D70088E7FC /* SchoolViewModelTest.swift */; };
		6E1883072889D3360088E7FC /* MockSchoolsData.swift in Sources */ = {isa = PBXBuildFile; fileRef = 6E1883062889D3360088E7FC /* MockSchoolsData.swift */; };
		6E18830B2889D3670088E7FC /* testSchoolData.json in Resources */ = {isa = PBXBuildFile; fileRef = 6E1883092889D3670088E7FC /* testSchoolData.json */; };
		6E18830C2889D3670088E7FC /* satData.json in Resources */ = {isa = PBXBuildFile; fileRef = 6E18830A2889D3670088E7FC /* satData.json */; };
		6E99F4352885E874007F3A30 /* AppDelegate.swift in Sources */ = {isa = PBXBuildFile; fileRef = 6E99F4342885E874007F3A30 /* AppDelegate.swift */; };
		6E99F4372885E874007F3A30 /* SceneDelegate.swift in Sources */ = {isa = PBXBuildFile; fileRef = 6E99F4362885E874007F3A30 /* SceneDelegate.swift */; };
		6E99F4392885E874007F3A30 /* ViewController.swift in Sources */ = {isa = PBXBuildFile; fileRef = 6E99F4382885E874007F3A30 /* ViewController.swift */; };
		6E99F43C2885E874007F3A30 /* Main.storyboard in Resources */ = {isa = PBXBuildFile; fileRef = 6E99F43A2885E874007F3A30 /* Main.storyboard */; };
		6E99F43E2885E876007F3A30 /* Assets.xcassets in Resources */ = {isa = PBXBuildFile; fileRef = 6E99F43D2885E876007F3A30 /* Assets.xcassets */; };
		6E99F4412885E876007F3A30 /* LaunchScreen.storyboard in Resources */ = {isa = PBXBuildFile; fileRef = 6E99F43F2885E876007F3A30 /* LaunchScreen.storyboard */; };
		6E99F44C2885E876007F3A30 /* NYCSChoolsTests.swift in Sources */ = {isa = PBXBuildFile; fileRef = 6E99F44B2885E876007F3A30 /* NYCSChoolsTests.swift */; };
		6E99F4562885E877007F3A30 /* NYCSChoolsUITests.swift in Sources */ = {isa = PBXBuildFile; fileRef = 6E99F4552885E877007F3A30 /* NYCSChoolsUITests.swift */; };
		6E99F4582885E877007F3A30 /* NYCSChoolsUITestsLaunchTests.swift in Sources */ = {isa = PBXBuildFile; fileRef = 6E99F4572885E877007F3A30 /* NYCSChoolsUITestsLaunchTests.swift */; };
		6E99F4682885EFD4007F3A30 /* School.swift in Sources */ = {isa = PBXBuildFile; fileRef = 6E99F4672885EFD4007F3A30 /* School.swift */; };
		6E99F46B2885F19B007F3A30 /* SchoolsViewModel.swift in Sources */ = {isa = PBXBuildFile; fileRef = 6E99F46A2885F19B007F3A30 /* SchoolsViewModel.swift */; };
		6E99F46F2885F21D007F3A30 /* SchoolDetailViewModel.swift in Sources */ = {isa = PBXBuildFile; fileRef = 6E99F46E2885F21D007F3A30 /* SchoolDetailViewModel.swift */; };
		6E99F4702885F2BF007F3A30 /* NetworkService.swift in Sources */ = {isa = PBXBuildFile; fileRef = 6E99F4652885EAA2007F3A30 /* NetworkService.swift */; };
		6E99F4722885F52D007F3A30 /* SchoolsViewController.swift in Sources */ = {isa = PBXBuildFile; fileRef = 6E99F4712885F52D007F3A30 /* SchoolsViewController.swift */; };
		6E99F4742885F8F1007F3A30 /* SchoolTableViewCell.swift in Sources */ = {isa = PBXBuildFile; fileRef = 6E99F4732885F8F1007F3A30 /* SchoolTableViewCell.swift */; };
		6E99F4762885F963007F3A30 /* SchoolViewModel.swift in Sources */ = {isa = PBXBuildFile; fileRef = 6E99F4752885F963007F3A30 /* SchoolViewModel.swift */; };
		6E99F4782886251D007F3A30 /* SATResult.swift in Sources */ = {isa = PBXBuildFile; fileRef = 6E99F4772886251D007F3A30 /* SATResult.swift */; };
		6E99F47E288629A1007F3A30 /* SchoolContactTableViewCell.swift in Sources */ = {isa = PBXBuildFile; fileRef = 6E99F47A288629A1007F3A30 /* SchoolContactTableViewCell.swift */; };
		6E99F47F288629A1007F3A30 /* SchoolSatScoresTableViewCell.swift in Sources */ = {isa = PBXBuildFile; fileRef = 6E99F47B288629A1007F3A30 /* SchoolSatScoresTableViewCell.swift */; };
		6E99F480288629A1007F3A30 /* SchoolOverviewTableViewCell.swift in Sources */ = {isa = PBXBuildFile; fileRef = 6E99F47C288629A1007F3A30 /* SchoolOverviewTableViewCell.swift */; };
		6E99F481288629A1007F3A30 /* SchoolAddressTableViewCell.swift in Sources */ = {isa = PBXBuildFile; fileRef = 6E99F47D288629A1007F3A30 /* SchoolAddressTableViewCell.swift */; };
		6E99F48328862ABD007F3A30 /* SchoolDetailViewController.swift in Sources */ = {isa = PBXBuildFile; fileRef = 6E99F48228862ABD007F3A30 /* SchoolDetailViewController.swift */; };
/* End PBXBuildFile section */

/* Begin PBXContainerItemProxy section */
		6E99F4482885E876007F3A30 /* PBXContainerItemProxy */ = {
			isa = PBXContainerItemProxy;
			containerPortal = 6E99F4292885E874007F3A30 /* Project object */;
			proxyType = 1;
			remoteGlobalIDString = 6E99F4302885E874007F3A30;
			remoteInfo = NYCSChools;
		};
		6E99F4522885E877007F3A30 /* PBXContainerItemProxy */ = {
			isa = PBXContainerItemProxy;
			containerPortal = 6E99F4292885E874007F3A30 /* Project object */;
			proxyType = 1;
			remoteGlobalIDString = 6E99F4302885E874007F3A30;
			remoteInfo = NYCSChools;
		};
/* End PBXContainerItemProxy section */

/* Begin PBXFileReference section */
		6E1883042889D2D70088E7FC /* SchoolViewModelTest.swift */ = {isa = PBXFileReference; fileEncoding = 4; lastKnownFileType = sourcecode.swift; path = SchoolViewModelTest.swift; sourceTree = "<group>"; };
		6E1883062889D3360088E7FC /* MockSchoolsData.swift */ = {isa = PBXFileReference; fileEncoding = 4; lastKnownFileType = sourcecode.swift; path = MockSchoolsData.swift; sourceTree = "<group>"; };
		6E1883092889D3670088E7FC /* testSchoolData.json */ = {isa = PBXFileReference; fileEncoding = 4; lastKnownFileType = text.json; path = testSchoolData.json; sourceTree = "<group>"; };
		6E18830A2889D3670088E7FC /* satData.json */ = {isa = PBXFileReference; fileEncoding = 4; lastKnownFileType = text.json; path = satData.json; sourceTree = "<group>"; };
		6E99F4312885E874007F3A30 /* NYCSChools.app */ = {isa = PBXFileReference; explicitFileType = wrapper.application; includeInIndex = 0; path = NYCSChools.app; sourceTree = BUILT_PRODUCTS_DIR; };
		6E99F4342885E874007F3A30 /* AppDelegate.swift */ = {isa = PBXFileReference; lastKnownFileType = sourcecode.swift; path = AppDelegate.swift; sourceTree = "<group>"; };
		6E99F4362885E874007F3A30 /* SceneDelegate.swift */ = {isa = PBXFileReference; lastKnownFileType = sourcecode.swift; path = SceneDelegate.swift; sourceTree = "<group>"; };
		6E99F4382885E874007F3A30 /* ViewController.swift */ = {isa = PBXFileReference; lastKnownFileType = sourcecode.swift; path = ViewController.swift; sourceTree = "<group>"; };
		6E99F43B2885E874007F3A30 /* Base */ = {isa = PBXFileReference; lastKnownFileType = file.storyboard; name = Base; path = Base.lproj/Main.storyboard; sourceTree = "<group>"; };
		6E99F43D2885E876007F3A30 /* Assets.xcassets */ = {isa = PBXFileReference; lastKnownFileType = folder.assetcatalog; path = Assets.xcassets; sourceTree = "<group>"; };
		6E99F4402885E876007F3A30 /* Base */ = {isa = PBXFileReference; lastKnownFileType = file.storyboard; name = Base; path = Base.lproj/LaunchScreen.storyboard; sourceTree = "<group>"; };
		6E99F4422885E876007F3A30 /* Info.plist */ = {isa = PBXFileReference; lastKnownFileType = text.plist.xml; path = Info.plist; sourceTree = "<group>"; };
		6E99F4472885E876007F3A30 /* NYCSChoolsTests.xctest */ = {isa = PBXFileReference; explicitFileType = wrapper.cfbundle; includeInIndex = 0; path = NYCSChoolsTests.xctest; sourceTree = BUILT_PRODUCTS_DIR; };
		6E99F44B2885E876007F3A30 /* NYCSChoolsTests.swift */ = {isa = PBXFileReference; lastKnownFileType = sourcecode.swift; path = NYCSChoolsTests.swift; sourceTree = "<group>"; };
		6E99F4512885E877007F3A30 /* NYCSChoolsUITests.xctest */ = {isa = PBXFileReference; explicitFileType = wrapper.cfbundle; includeInIndex = 0; path = NYCSChoolsUITests.xctest; sourceTree = BUILT_PRODUCTS_DIR; };
		6E99F4552885E877007F3A30 /* NYCSChoolsUITests.swift */ = {isa = PBXFileReference; lastKnownFileType = sourcecode.swift; path = NYCSChoolsUITests.swift; sourceTree = "<group>"; };
		6E99F4572885E877007F3A30 /* NYCSChoolsUITestsLaunchTests.swift */ = {isa = PBXFileReference; lastKnownFileType = sourcecode.swift; path = NYCSChoolsUITestsLaunchTests.swift; sourceTree = "<group>"; };
		6E99F4652885EAA2007F3A30 /* NetworkService.swift */ = {isa = PBXFileReference; lastKnownFileType = sourcecode.swift; path = NetworkService.swift; sourceTree = "<group>"; };
		6E99F4672885EFD4007F3A30 /* School.swift */ = {isa = PBXFileReference; lastKnownFileType = sourcecode.swift; path = School.swift; sourceTree = "<group>"; };
		6E99F46A2885F19B007F3A30 /* SchoolsViewModel.swift */ = {isa = PBXFileReference; lastKnownFileType = sourcecode.swift; path = SchoolsViewModel.swift; sourceTree = "<group>"; };
		6E99F46E2885F21D007F3A30 /* SchoolDetailViewModel.swift */ = {isa = PBXFileReference; lastKnownFileType = sourcecode.swift; path = SchoolDetailViewModel.swift; sourceTree = "<group>"; };
		6E99F4712885F52D007F3A30 /* SchoolsViewController.swift */ = {isa = PBXFileReference; lastKnownFileType = sourcecode.swift; path = SchoolsViewController.swift; sourceTree = "<group>"; };
		6E99F4732885F8F1007F3A30 /* SchoolTableViewCell.swift */ = {isa = PBXFileReference; fileEncoding = 4; lastKnownFileType = sourcecode.swift; path = SchoolTableViewCell.swift; sourceTree = "<group>"; };
		6E99F4752885F963007F3A30 /* SchoolViewModel.swift */ = {isa = PBXFileReference; lastKnownFileType = sourcecode.swift; path = SchoolViewModel.swift; sourceTree = "<group>"; };
		6E99F4772886251D007F3A30 /* SATResult.swift */ = {isa = PBXFileReference; fileEncoding = 4; lastKnownFileType = sourcecode.swift; path = SATResult.swift; sourceTree = "<group>"; };
		6E99F47A288629A1007F3A30 /* SchoolContactTableViewCell.swift */ = {isa = PBXFileReference; fileEncoding = 4; lastKnownFileType = sourcecode.swift; path = SchoolContactTableViewCell.swift; sourceTree = "<group>"; };
		6E99F47B288629A1007F3A30 /* SchoolSatScoresTableViewCell.swift */ = {isa = PBXFileReference; fileEncoding = 4; lastKnownFileType = sourcecode.swift; path = SchoolSatScoresTableViewCell.swift; sourceTree = "<group>"; };
		6E99F47C288629A1007F3A30 /* SchoolOverviewTableViewCell.swift */ = {isa = PBXFileReference; fileEncoding = 4; lastKnownFileType = sourcecode.swift; path = SchoolOverviewTableViewCell.swift; sourceTree = "<group>"; };
		6E99F47D288629A1007F3A30 /* SchoolAddressTableViewCell.swift */ = {isa = PBXFileReference; fileEncoding = 4; lastKnownFileType = sourcecode.swift; path = SchoolAddressTableViewCell.swift; sourceTree = "<group>"; };
		6E99F48228862ABD007F3A30 /* SchoolDetailViewController.swift */ = {isa = PBXFileReference; lastKnownFileType = sourcecode.swift; path = SchoolDetailViewController.swift; sourceTree = "<group>"; };
/* End PBXFileReference section */

/* Begin PBXFrameworksBuildPhase section */
		6E99F42E2885E874007F3A30 /* Frameworks */ = {
			isa = PBXFrameworksBuildPhase;
			buildActionMask = 2147483647;
			files = (
			);
			runOnlyForDeploymentPostprocessing = 0;
		};
		6E99F4442885E876007F3A30 /* Frameworks */ = {
			isa = PBXFrameworksBuildPhase;
			buildActionMask = 2147483647;
			files = (
			);
			runOnlyForDeploymentPostprocessing = 0;
		};
		6E99F44E2885E877007F3A30 /* Frameworks */ = {
			isa = PBXFrameworksBuildPhase;
			buildActionMask = 2147483647;
			files = (
			);
			runOnlyForDeploymentPostprocessing = 0;
		};
/* End PBXFrameworksBuildPhase section */

/* Begin PBXGroup section */
		6E1883082889D3560088E7FC /* Resources */ = {
			isa = PBXGroup;
			children = (
				6E18830A2889D3670088E7FC /* satData.json */,
				6E1883092889D3670088E7FC /* testSchoolData.json */,
			);
			path = Resources;
			sourceTree = "<group>";
		};
		6E99F4282885E874007F3A30 = {
			isa = PBXGroup;
			children = (
				6E99F4332885E874007F3A30 /* NYCSChools */,
				6E99F44A2885E876007F3A30 /* NYCSChoolsTests */,
				6E99F4542885E877007F3A30 /* NYCSChoolsUITests */,
				6E99F4322885E874007F3A30 /* Products */,
			);
			sourceTree = "<group>";
		};
		6E99F4322885E874007F3A30 /* Products */ = {
			isa = PBXGroup;
			children = (
				6E99F4312885E874007F3A30 /* NYCSChools.app */,
				6E99F4472885E876007F3A30 /* NYCSChoolsTests.xctest */,
				6E99F4512885E877007F3A30 /* NYCSChoolsUITests.xctest */,
			);
			name = Products;
			sourceTree = "<group>";
		};
		6E99F4332885E874007F3A30 /* NYCSChools */ = {
			isa = PBXGroup;
			children = (
				6E99F4642885EA66007F3A30 /* Services */,
				6E99F4662885EFA4007F3A30 /* Model */,
				6E99F4692885F16C007F3A30 /* Presentation */,
				6E99F4342885E874007F3A30 /* AppDelegate.swift */,
				6E99F4362885E874007F3A30 /* SceneDelegate.swift */,
				6E99F4382885E874007F3A30 /* ViewController.swift */,
				6E99F43A2885E874007F3A30 /* Main.storyboard */,
				6E99F43D2885E876007F3A30 /* Assets.xcassets */,
				6E99F43F2885E876007F3A30 /* LaunchScreen.storyboard */,
				6E99F4422885E876007F3A30 /* Info.plist */,
			);
			path = NYCSChools;
			sourceTree = "<group>";
		};
		6E99F44A2885E876007F3A30 /* NYCSChoolsTests */ = {
			isa = PBXGroup;
			children = (
				6E99F44B2885E876007F3A30 /* NYCSChoolsTests.swift */,
				6E1883042889D2D70088E7FC /* SchoolViewModelTest.swift */,
				6E1883062889D3360088E7FC /* MockSchoolsData.swift */,
				6E1883082889D3560088E7FC /* Resources */,
			);
			path = NYCSChoolsTests;
			sourceTree = "<group>";
		};
		6E99F4542885E877007F3A30 /* NYCSChoolsUITests */ = {
			isa = PBXGroup;
			children = (
				6E99F4552885E877007F3A30 /* NYCSChoolsUITests.swift */,
				6E99F4572885E877007F3A30 /* NYCSChoolsUITestsLaunchTests.swift */,
			);
			path = NYCSChoolsUITests;
			sourceTree = "<group>";
		};
		6E99F4642885EA66007F3A30 /* Services */ = {
			isa = PBXGroup;
			children = (
				6E99F4652885EAA2007F3A30 /* NetworkService.swift */,
			);
			path = Services;
			sourceTree = "<group>";
		};
		6E99F4662885EFA4007F3A30 /* Model */ = {
			isa = PBXGroup;
			children = (
				6E99F4672885EFD4007F3A30 /* School.swift */,
				6E99F4772886251D007F3A30 /* SATResult.swift */,
			);
			path = Model;
			sourceTree = "<group>";
		};
		6E99F4692885F16C007F3A30 /* Presentation */ = {
			isa = PBXGroup;
			children = (
				6E99F46C2885F1E3007F3A30 /* SchoolView */,
				6E99F46D2885F1FC007F3A30 /* SchoolDetail */,
			);
			path = Presentation;
			sourceTree = "<group>";
		};
		6E99F46C2885F1E3007F3A30 /* SchoolView */ = {
			isa = PBXGroup;
			children = (
				6E99F4712885F52D007F3A30 /* SchoolsViewController.swift */,
				6E99F46A2885F19B007F3A30 /* SchoolsViewModel.swift */,
				6E99F4732885F8F1007F3A30 /* SchoolTableViewCell.swift */,
				6E99F4752885F963007F3A30 /* SchoolViewModel.swift */,
			);
			path = SchoolView;
			sourceTree = "<group>";
		};
		6E99F46D2885F1FC007F3A30 /* SchoolDetail */ = {
			isa = PBXGroup;
			children = (
				6E99F46E2885F21D007F3A30 /* SchoolDetailViewModel.swift */,
				6E99F48228862ABD007F3A30 /* SchoolDetailViewController.swift */,
				6E99F47928862996007F3A30 /* DetailCells */,
			);
			path = SchoolDetail;
			sourceTree = "<group>";
		};
		6E99F47928862996007F3A30 /* DetailCells */ = {
			isa = PBXGroup;
			children = (
				6E99F47D288629A1007F3A30 /* SchoolAddressTableViewCell.swift */,
				6E99F47A288629A1007F3A30 /* SchoolContactTableViewCell.swift */,
				6E99F47C288629A1007F3A30 /* SchoolOverviewTableViewCell.swift */,
				6E99F47B288629A1007F3A30 /* SchoolSatScoresTableViewCell.swift */,
			);
			path = DetailCells;
			sourceTree = "<group>";
		};
/* End PBXGroup section */

/* Begin PBXNativeTarget section */
		6E99F4302885E874007F3A30 /* NYCSChools */ = {
			isa = PBXNativeTarget;
			buildConfigurationList = 6E99F45B2885E877007F3A30 /* Build configuration list for PBXNativeTarget "NYCSChools" */;
			buildPhases = (
				6E99F42D2885E874007F3A30 /* Sources */,
				6E99F42E2885E874007F3A30 /* Frameworks */,
				6E99F42F2885E874007F3A30 /* Resources */,
			);
			buildRules = (
			);
			dependencies = (
			);
			name = NYCSChools;
			productName = NYCSChools;
			productReference = 6E99F4312885E874007F3A30 /* NYCSChools.app */;
			productType = "com.apple.product-type.application";
		};
		6E99F4462885E876007F3A30 /* NYCSChoolsTests */ = {
			isa = PBXNativeTarget;
			buildConfigurationList = 6E99F45E2885E877007F3A30 /* Build configuration list for PBXNativeTarget "NYCSChoolsTests" */;
			buildPhases = (
				6E99F4432885E876007F3A30 /* Sources */,
				6E99F4442885E876007F3A30 /* Frameworks */,
				6E99F4452885E876007F3A30 /* Resources */,
			);
			buildRules = (
			);
			dependencies = (
				6E99F4492885E876007F3A30 /* PBXTargetDependency */,
			);
			name = NYCSChoolsTests;
			productName = NYCSChoolsTests;
			productReference = 6E99F4472885E876007F3A30 /* NYCSChoolsTests.xctest */;
			productType = "com.apple.product-type.bundle.unit-test";
		};
		6E99F4502885E877007F3A30 /* NYCSChoolsUITests */ = {
			isa = PBXNativeTarget;
			buildConfigurationList = 6E99F4612885E877007F3A30 /* Build configuration list for PBXNativeTarget "NYCSChoolsUITests" */;
			buildPhases = (
				6E99F44D2885E877007F3A30 /* Sources */,
				6E99F44E2885E877007F3A30 /* Frameworks */,
				6E99F44F2885E877007F3A30 /* Resources */,
			);
			buildRules = (
			);
			dependencies = (
				6E99F4532885E877007F3A30 /* PBXTargetDependency */,
			);
			name = NYCSChoolsUITests;
			productName = NYCSChoolsUITests;
			productReference = 6E99F4512885E877007F3A30 /* NYCSChoolsUITests.xctest */;
			productType = "com.apple.product-type.bundle.ui-testing";
		};
/* End PBXNativeTarget section */

/* Begin PBXProject section */
		6E99F4292885E874007F3A30 /* Project object */ = {
			isa = PBXProject;
			attributes = {
				BuildIndependentTargetsInParallel = 1;
				LastSwiftUpdateCheck = 1340;
				LastUpgradeCheck = 1340;
				TargetAttributes = {
					6E99F4302885E874007F3A30 = {
						CreatedOnToolsVersion = 13.4.1;
					};
					6E99F4462885E876007F3A30 = {
						CreatedOnToolsVersion = 13.4.1;
						TestTargetID = 6E99F4302885E874007F3A30;
					};
					6E99F4502885E877007F3A30 = {
						CreatedOnToolsVersion = 13.4.1;
						TestTargetID = 6E99F4302885E874007F3A30;
					};
				};
			};
			buildConfigurationList = 6E99F42C2885E874007F3A30 /* Build configuration list for PBXProject "NYCSChools" */;
			compatibilityVersion = "Xcode 13.0";
			developmentRegion = en;
			hasScannedForEncodings = 0;
			knownRegions = (
				en,
				Base,
			);
			mainGroup = 6E99F4282885E874007F3A30;
			productRefGroup = 6E99F4322885E874007F3A30 /* Products */;
			projectDirPath = "";
			projectRoot = "";
			targets = (
				6E99F4302885E874007F3A30 /* NYCSChools */,
				6E99F4462885E876007F3A30 /* NYCSChoolsTests */,
				6E99F4502885E877007F3A30 /* NYCSChoolsUITests */,
			);
		};
/* End PBXProject section */

/* Begin PBXResourcesBuildPhase section */
		6E99F42F2885E874007F3A30 /* Resources */ = {
			isa = PBXResourcesBuildPhase;
			buildActionMask = 2147483647;
			files = (
				6E99F4412885E876007F3A30 /* LaunchScreen.storyboard in Resources */,
				6E99F43E2885E876007F3A30 /* Assets.xcassets in Resources */,
				6E99F43C2885E874007F3A30 /* Main.storyboard in Resources */,
			);
			runOnlyForDeploymentPostprocessing = 0;
		};
		6E99F4452885E876007F3A30 /* Resources */ = {
			isa = PBXResourcesBuildPhase;
			buildActionMask = 2147483647;
			files = (
				6E18830C2889D3670088E7FC /* satData.json in Resources */,
				6E18830B2889D3670088E7FC /* testSchoolData.json in Resources */,
			);
			runOnlyForDeploymentPostprocessing = 0;
		};
		6E99F44F2885E877007F3A30 /* Resources */ = {
			isa = PBXResourcesBuildPhase;
			buildActionMask = 2147483647;
			files = (
			);
			runOnlyForDeploymentPostprocessing = 0;
		};
/* End PBXResourcesBuildPhase section */

/* Begin PBXSourcesBuildPhase section */
		6E99F42D2885E874007F3A30 /* Sources */ = {
			isa = PBXSourcesBuildPhase;
			buildActionMask = 2147483647;
			files = (
				6E99F4782886251D007F3A30 /* SATResult.swift in Sources */,
				6E99F480288629A1007F3A30 /* SchoolOverviewTableViewCell.swift in Sources */,
				6E99F4392885E874007F3A30 /* ViewController.swift in Sources */,
				6E99F46F2885F21D007F3A30 /* SchoolDetailViewModel.swift in Sources */,
				6E99F46B2885F19B007F3A30 /* SchoolsViewModel.swift in Sources */,
				6E99F4742885F8F1007F3A30 /* SchoolTableViewCell.swift in Sources */,
				6E99F4352885E874007F3A30 /* AppDelegate.swift in Sources */,
				6E99F4722885F52D007F3A30 /* SchoolsViewController.swift in Sources */,
				6E99F47F288629A1007F3A30 /* SchoolSatScoresTableViewCell.swift in Sources */,
				6E99F481288629A1007F3A30 /* SchoolAddressTableViewCell.swift in Sources */,
				6E99F48328862ABD007F3A30 /* SchoolDetailViewController.swift in Sources */,
				6E99F4762885F963007F3A30 /* SchoolViewModel.swift in Sources */,
				6E99F4372885E874007F3A30 /* SceneDelegate.swift in Sources */,
				6E99F47E288629A1007F3A30 /* SchoolContactTableViewCell.swift in Sources */,
				6E99F4682885EFD4007F3A30 /* School.swift in Sources */,
				6E99F4702885F2BF007F3A30 /* NetworkService.swift in Sources */,
			);
			runOnlyForDeploymentPostprocessing = 0;
		};
		6E99F4432885E876007F3A30 /* Sources */ = {
			isa = PBXSourcesBuildPhase;
			buildActionMask = 2147483647;
			files = (
				6E1883052889D2D70088E7FC /* SchoolViewModelTest.swift in Sources */,
				6E99F44C2885E876007F3A30 /* NYCSChoolsTests.swift in Sources */,
				6E1883072889D3360088E7FC /* MockSchoolsData.swift in Sources */,
			);
			runOnlyForDeploymentPostprocessing = 0;
		};
		6E99F44D2885E877007F3A30 /* Sources */ = {
			isa = PBXSourcesBuildPhase;
			buildActionMask = 2147483647;
			files = (
				6E99F4562885E877007F3A30 /* NYCSChoolsUITests.swift in Sources */,
				6E99F4582885E877007F3A30 /* NYCSChoolsUITestsLaunchTests.swift in Sources */,
			);
			runOnlyForDeploymentPostprocessing = 0;
		};
/* End PBXSourcesBuildPhase section */

/* Begin PBXTargetDependency section */
		6E99F4492885E876007F3A30 /* PBXTargetDependency */ = {
			isa = PBXTargetDependency;
			target = 6E99F4302885E874007F3A30 /* NYCSChools */;
			targetProxy = 6E99F4482885E876007F3A30 /* PBXContainerItemProxy */;
		};
		6E99F4532885E877007F3A30 /* PBXTargetDependency */ = {
			isa = PBXTargetDependency;
			target = 6E99F4302885E874007F3A30 /* NYCSChools */;
			targetProxy = 6E99F4522885E877007F3A30 /* PBXContainerItemProxy */;
		};
/* End PBXTargetDependency section */

/* Begin PBXVariantGroup section */
		6E99F43A2885E874007F3A30 /* Main.storyboard */ = {
			isa = PBXVariantGroup;
			children = (
				6E99F43B2885E874007F3A30 /* Base */,
			);
			name = Main.storyboard;
			sourceTree = "<group>";
		};
		6E99F43F2885E876007F3A30 /* LaunchScreen.storyboard */ = {
			isa = PBXVariantGroup;
			children = (
				6E99F4402885E876007F3A30 /* Base */,
			);
			name = LaunchScreen.storyboard;
			sourceTree = "<group>";
		};
/* End PBXVariantGroup section */

/* Begin XCBuildConfiguration section */
		6E99F4592885E877007F3A30 /* Debug */ = {
			isa = XCBuildConfiguration;
			buildSettings = {
				ALWAYS_SEARCH_USER_PATHS = NO;
				CLANG_ANALYZER_NONNULL = YES;
				CLANG_ANALYZER_NUMBER_OBJECT_CONVERSION = YES_AGGRESSIVE;
				CLANG_CXX_LANGUAGE_STANDARD = "gnu++17";
				CLANG_ENABLE_MODULES = YES;
				CLANG_ENABLE_OBJC_ARC = YES;
				CLANG_ENABLE_OBJC_WEAK = YES;
				CLANG_WARN_BLOCK_CAPTURE_AUTORELEASING = YES;
				CLANG_WARN_BOOL_CONVERSION = YES;
				CLANG_WARN_COMMA = YES;
				CLANG_WARN_CONSTANT_CONVERSION = YES;
				CLANG_WARN_DEPRECATED_OBJC_IMPLEMENTATIONS = YES;
				CLANG_WARN_DIRECT_OBJC_ISA_USAGE = YES_ERROR;
				CLANG_WARN_DOCUMENTATION_COMMENTS = YES;
				CLANG_WARN_EMPTY_BODY = YES;
				CLANG_WARN_ENUM_CONVERSION = YES;
				CLANG_WARN_INFINITE_RECURSION = YES;
				CLANG_WARN_INT_CONVERSION = YES;
				CLANG_WARN_NON_LITERAL_NULL_CONVERSION = YES;
				CLANG_WARN_OBJC_IMPLICIT_RETAIN_SELF = YES;
				CLANG_WARN_OBJC_LITERAL_CONVERSION = YES;
				CLANG_WARN_OBJC_ROOT_CLASS = YES_ERROR;
				CLANG_WARN_QUOTED_INCLUDE_IN_FRAMEWORK_HEADER = YES;
				CLANG_WARN_RANGE_LOOP_ANALYSIS = YES;
				CLANG_WARN_STRICT_PROTOTYPES = YES;
				CLANG_WARN_SUSPICIOUS_MOVE = YES;
				CLANG_WARN_UNGUARDED_AVAILABILITY = YES_AGGRESSIVE;
				CLANG_WARN_UNREACHABLE_CODE = YES;
				CLANG_WARN__DUPLICATE_METHOD_MATCH = YES;
				COPY_PHASE_STRIP = NO;
				DEBUG_INFORMATION_FORMAT = dwarf;
				ENABLE_STRICT_OBJC_MSGSEND = YES;
				ENABLE_TESTABILITY = YES;
				GCC_C_LANGUAGE_STANDARD = gnu11;
				GCC_DYNAMIC_NO_PIC = NO;
				GCC_NO_COMMON_BLOCKS = YES;
				GCC_OPTIMIZATION_LEVEL = 0;
				GCC_PREPROCESSOR_DEFINITIONS = (
					"DEBUG=1",
					"$(inherited)",
				);
				GCC_WARN_64_TO_32_BIT_CONVERSION = YES;
				GCC_WARN_ABOUT_RETURN_TYPE = YES_ERROR;
				GCC_WARN_UNDECLARED_SELECTOR = YES;
				GCC_WARN_UNINITIALIZED_AUTOS = YES_AGGRESSIVE;
				GCC_WARN_UNUSED_FUNCTION = YES;
				GCC_WARN_UNUSED_VARIABLE = YES;
				IPHONEOS_DEPLOYMENT_TARGET = 14.0;
				MTL_ENABLE_DEBUG_INFO = INCLUDE_SOURCE;
				MTL_FAST_MATH = YES;
				ONLY_ACTIVE_ARCH = YES;
				SDKROOT = iphoneos;
				SWIFT_ACTIVE_COMPILATION_CONDITIONS = DEBUG;
				SWIFT_OPTIMIZATION_LEVEL = "-Onone";
			};
			name = Debug;
		};
		6E99F45A2885E877007F3A30 /* Release */ = {
			isa = XCBuildConfiguration;
			buildSettings = {
				ALWAYS_SEARCH_USER_PATHS = NO;
				CLANG_ANALYZER_NONNULL = YES;
				CLANG_ANALYZER_NUMBER_OBJECT_CONVERSION = YES_AGGRESSIVE;
				CLANG_CXX_LANGUAGE_STANDARD = "gnu++17";
				CLANG_ENABLE_MODULES = YES;
				CLANG_ENABLE_OBJC_ARC = YES;
				CLANG_ENABLE_OBJC_WEAK = YES;
				CLANG_WARN_BLOCK_CAPTURE_AUTORELEASING = YES;
				CLANG_WARN_BOOL_CONVERSION = YES;
				CLANG_WARN_COMMA = YES;
				CLANG_WARN_CONSTANT_CONVERSION = YES;
				CLANG_WARN_DEPRECATED_OBJC_IMPLEMENTATIONS = YES;
				CLANG_WARN_DIRECT_OBJC_ISA_USAGE = YES_ERROR;
				CLANG_WARN_DOCUMENTATION_COMMENTS = YES;
				CLANG_WARN_EMPTY_BODY = YES;
				CLANG_WARN_ENUM_CONVERSION = YES;
				CLANG_WARN_INFINITE_RECURSION = YES;
				CLANG_WARN_INT_CONVERSION = YES;
				CLANG_WARN_NON_LITERAL_NULL_CONVERSION = YES;
				CLANG_WARN_OBJC_IMPLICIT_RETAIN_SELF = YES;
				CLANG_WARN_OBJC_LITERAL_CONVERSION = YES;
				CLANG_WARN_OBJC_ROOT_CLASS = YES_ERROR;
				CLANG_WARN_QUOTED_INCLUDE_IN_FRAMEWORK_HEADER = YES;
				CLANG_WARN_RANGE_LOOP_ANALYSIS = YES;
				CLANG_WARN_STRICT_PROTOTYPES = YES;
				CLANG_WARN_SUSPICIOUS_MOVE = YES;
				CLANG_WARN_UNGUARDED_AVAILABILITY = YES_AGGRESSIVE;
				CLANG_WARN_UNREACHABLE_CODE = YES;
				CLANG_WARN__DUPLICATE_METHOD_MATCH = YES;
				COPY_PHASE_STRIP = NO;
				DEBUG_INFORMATION_FORMAT = "dwarf-with-dsym";
				ENABLE_NS_ASSERTIONS = NO;
				ENABLE_STRICT_OBJC_MSGSEND = YES;
				GCC_C_LANGUAGE_STANDARD = gnu11;
				GCC_NO_COMMON_BLOCKS = YES;
				GCC_WARN_64_TO_32_BIT_CONVERSION = YES;
				GCC_WARN_ABOUT_RETURN_TYPE = YES_ERROR;
				GCC_WARN_UNDECLARED_SELECTOR = YES;
				GCC_WARN_UNINITIALIZED_AUTOS = YES_AGGRESSIVE;
				GCC_WARN_UNUSED_FUNCTION = YES;
				GCC_WARN_UNUSED_VARIABLE = YES;
				IPHONEOS_DEPLOYMENT_TARGET = 14.0;
				MTL_ENABLE_DEBUG_INFO = NO;
				MTL_FAST_MATH = YES;
				SDKROOT = iphoneos;
				SWIFT_COMPILATION_MODE = wholemodule;
				SWIFT_OPTIMIZATION_LEVEL = "-O";
				VALIDATE_PRODUCT = YES;
			};
			name = Release;
		};
		6E99F45C2885E877007F3A30 /* Debug */ = {
			isa = XCBuildConfiguration;
			buildSettings = {
				ASSETCATALOG_COMPILER_APPICON_NAME = AppIcon;
				ASSETCATALOG_COMPILER_GLOBAL_ACCENT_COLOR_NAME = AccentColor;
				CODE_SIGN_STYLE = Automatic;
				CURRENT_PROJECT_VERSION = 1;
				DEVELOPMENT_TEAM = W6RR3XAC43;
				GENERATE_INFOPLIST_FILE = YES;
				INFOPLIST_FILE = NYCSChools/Info.plist;
				INFOPLIST_KEY_UIApplicationSupportsIndirectInputEvents = YES;
				INFOPLIST_KEY_UILaunchStoryboardName = LaunchScreen;
				INFOPLIST_KEY_UIMainStoryboardFile = Main;
				INFOPLIST_KEY_UISupportedInterfaceOrientations_iPad = "UIInterfaceOrientationPortrait UIInterfaceOrientationPortraitUpsideDown UIInterfaceOrientationLandscapeLeft UIInterfaceOrientationLandscapeRight";
				INFOPLIST_KEY_UISupportedInterfaceOrientations_iPhone = "UIInterfaceOrientationPortrait UIInterfaceOrientationLandscapeLeft UIInterfaceOrientationLandscapeRight";
				LD_RUNPATH_SEARCH_PATHS = (
					"$(inherited)",
					"@executable_path/Frameworks",
				);
				MARKETING_VERSION = 1.0;
				PRODUCT_BUNDLE_IDENTIFIER = com.pradeep.NYCSChools;
				PRODUCT_NAME = "$(TARGET_NAME)";
				SWIFT_EMIT_LOC_STRINGS = YES;
				SWIFT_VERSION = 5.0;
				TARGETED_DEVICE_FAMILY = "1,2";
			};
			name = Debug;
		};
		6E99F45D2885E877007F3A30 /* Release */ = {
			isa = XCBuildConfiguration;
			buildSettings = {
				ASSETCATALOG_COMPILER_APPICON_NAME = AppIcon;
				ASSETCATALOG_COMPILER_GLOBAL_ACCENT_COLOR_NAME = AccentColor;
				CODE_SIGN_STYLE = Automatic;
				CURRENT_PROJECT_VERSION = 1;
				DEVELOPMENT_TEAM = W6RR3XAC43;
				GENERATE_INFOPLIST_FILE = YES;
				INFOPLIST_FILE = NYCSChools/Info.plist;
				INFOPLIST_KEY_UIApplicationSupportsIndirectInputEvents = YES;
				INFOPLIST_KEY_UILaunchStoryboardName = LaunchScreen;
				INFOPLIST_KEY_UIMainStoryboardFile = Main;
				INFOPLIST_KEY_UISupportedInterfaceOrientations_iPad = "UIInterfaceOrientationPortrait UIInterfaceOrientationPortraitUpsideDown UIInterfaceOrientationLandscapeLeft UIInterfaceOrientationLandscapeRight";
				INFOPLIST_KEY_UISupportedInterfaceOrientations_iPhone = "UIInterfaceOrientationPortrait UIInterfaceOrientationLandscapeLeft UIInterfaceOrientationLandscapeRight";
				LD_RUNPATH_SEARCH_PATHS = (
					"$(inherited)",
					"@executable_path/Frameworks",
				);
				MARKETING_VERSION = 1.0;
				PRODUCT_BUNDLE_IDENTIFIER = com.pradeep.NYCSChools;
				PRODUCT_NAME = "$(TARGET_NAME)";
				SWIFT_EMIT_LOC_STRINGS = YES;
				SWIFT_VERSION = 5.0;
				TARGETED_DEVICE_FAMILY = "1,2";
			};
			name = Release;
		};
		6E99F45F2885E877007F3A30 /* Debug */ = {
			isa = XCBuildConfiguration;
			buildSettings = {
				ALWAYS_EMBED_SWIFT_STANDARD_LIBRARIES = YES;
				BUNDLE_LOADER = "$(TEST_HOST)";
				CODE_SIGN_STYLE = Automatic;
				CURRENT_PROJECT_VERSION = 1;
				DEVELOPMENT_TEAM = W6RR3XAC43;
				GENERATE_INFOPLIST_FILE = YES;
				IPHONEOS_DEPLOYMENT_TARGET = 15.5;
				MARKETING_VERSION = 1.0;
				PRODUCT_BUNDLE_IDENTIFIER = com.pradeep.NYCSChoolsTests;
				PRODUCT_NAME = "$(TARGET_NAME)";
				SWIFT_EMIT_LOC_STRINGS = NO;
				SWIFT_VERSION = 5.0;
				TARGETED_DEVICE_FAMILY = "1,2";
				TEST_HOST = "$(BUILT_PRODUCTS_DIR)/NYCSChools.app/NYCSChools";
			};
			name = Debug;
		};
		6E99F4602885E877007F3A30 /* Release */ = {
			isa = XCBuildConfiguration;
			buildSettings = {
				ALWAYS_EMBED_SWIFT_STANDARD_LIBRARIES = YES;
				BUNDLE_LOADER = "$(TEST_HOST)";
				CODE_SIGN_STYLE = Automatic;
				CURRENT_PROJECT_VERSION = 1;
				DEVELOPMENT_TEAM = W6RR3XAC43;
				GENERATE_INFOPLIST_FILE = YES;
				IPHONEOS_DEPLOYMENT_TARGET = 15.5;
				MARKETING_VERSION = 1.0;
				PRODUCT_BUNDLE_IDENTIFIER = com.pradeep.NYCSChoolsTests;
				PRODUCT_NAME = "$(TARGET_NAME)";
				SWIFT_EMIT_LOC_STRINGS = NO;
				SWIFT_VERSION = 5.0;
				TARGETED_DEVICE_FAMILY = "1,2";
				TEST_HOST = "$(BUILT_PRODUCTS_DIR)/NYCSChools.app/NYCSChools";
			};
			name = Release;
		};
		6E99F4622885E877007F3A30 /* Debug */ = {
			isa = XCBuildConfiguration;
			buildSettings = {
				ALWAYS_EMBED_SWIFT_STANDARD_LIBRARIES = YES;
				CODE_SIGN_STYLE = Automatic;
				CURRENT_PROJECT_VERSION = 1;
				DEVELOPMENT_TEAM = "";
				GENERATE_INFOPLIST_FILE = YES;
				MARKETING_VERSION = 1.0;
				PRODUCT_BUNDLE_IDENTIFIER = com.pradeep.NYCSChoolsUITests;
				PRODUCT_NAME = "$(TARGET_NAME)";
				SWIFT_EMIT_LOC_STRINGS = NO;
				SWIFT_VERSION = 5.0;
				TARGETED_DEVICE_FAMILY = "1,2";
				TEST_TARGET_NAME = NYCSChools;
			};
			name = Debug;
		};
		6E99F4632885E877007F3A30 /* Release */ = {
			isa = XCBuildConfiguration;
			buildSettings = {
				ALWAYS_EMBED_SWIFT_STANDARD_LIBRARIES = YES;
				CODE_SIGN_STYLE = Automatic;
				CURRENT_PROJECT_VERSION = 1;
				DEVELOPMENT_TEAM = "";
				GENERATE_INFOPLIST_FILE = YES;
				MARKETING_VERSION = 1.0;
				PRODUCT_BUNDLE_IDENTIFIER = com.pradeep.NYCSChoolsUITests;
				PRODUCT_NAME = "$(TARGET_NAME)";
				SWIFT_EMIT_LOC_STRINGS = NO;
				SWIFT_VERSION = 5.0;
				TARGETED_DEVICE_FAMILY = "1,2";
				TEST_TARGET_NAME = NYCSChools;
			};
			name = Release;
		};
/* End XCBuildConfiguration section */

/* Begin XCConfigurationList section */
		6E99F42C2885E874007F3A30 /* Build configuration list for PBXProject "NYCSChools" */ = {
			isa = XCConfigurationList;
			buildConfigurations = (
				6E99F4592885E877007F3A30 /* Debug */,
				6E99F45A2885E877007F3A30 /* Release */,
			);
			defaultConfigurationIsVisible = 0;
			defaultConfigurationName = Release;
		};
		6E99F45B2885E877007F3A30 /* Build configuration list for PBXNativeTarget "NYCSChools" */ = {
			isa = XCConfigurationList;
			buildConfigurations = (
				6E99F45C2885E877007F3A30 /* Debug */,
				6E99F45D2885E877007F3A30 /* Release */,
			);
			defaultConfigurationIsVisible = 0;
			defaultConfigurationName = Release;
		};
		6E99F45E2885E877007F3A30 /* Build configuration list for PBXNativeTarget "NYCSChoolsTests" */ = {
			isa = XCConfigurationList;
			buildConfigurations = (
				6E99F45F2885E877007F3A30 /* Debug */,
				6E99F4602885E877007F3A30 /* Release */,
			);
			defaultConfigurationIsVisible = 0;
			defaultConfigurationName = Release;
		};
		6E99F4612885E877007F3A30 /* Build configuration list for PBXNativeTarget "NYCSChoolsUITests" */ = {
			isa = XCConfigurationList;
			buildConfigurations = (
				6E99F4622885E877007F3A30 /* Debug */,
				6E99F4632885E877007F3A30 /* Release */,
			);
			defaultConfigurationIsVisible = 0;
			defaultConfigurationName = Release;
		};
/* End XCConfigurationList section */
	};
	rootObject = 6E99F4292885E874007F3A30 /* Project object */;
}
